PODS:
  - Flutter (1.0.0)
  - http_proxy_override (0.0.1):
    - Flutter
  - integration_test (0.0.1):
    - Flutter

DEPENDENCIES:
  - Flutter (from `Flutter`)
  - http_proxy_override (from `.symlinks/plugins/http_proxy_override/ios`)
  - integration_test (from `.symlinks/plugins/integration_test/ios`)

EXTERNAL SOURCES:
  Flutter:
    :path: Flutter
  http_proxy_override:
    :path: ".symlinks/plugins/http_proxy_override/ios"
  integration_test:
    :path: ".symlinks/plugins/integration_test/ios"

SPEC CHECKSUMS:
  Flutter: 434fef37c0980e73bb6479ef766c45957d4b510c
  http_proxy_override: 3f8cc6cdea77725778ccd931fae2b54fc8bc27e5
  integration_test: 6eb66a19f7104200dcfdd62bc0077e1b09686e4f

PODFILE CHECKSUM: aafe91acc616949ddb318b77800a7f51bffa2a4c

COCOAPODS: 1.8.4
